
Microsoft Visual Studio Solution File, Format Version 12.00
# Visual Studio 15
VisualStudioVersion = 15.0.28307.757
MinimumVisualStudioVersion = 10.0.40219.1
Project("{FAE04EC0-301F-11D3-BF4B-00C04F79EFBC}") = "MemoryGameInConsole", "B20_Ex02_01\MemoryGameInConsole.csproj", "{732EB090-8448-41CC-9C03-BA6700A5C6DA}"
EndProject
Global
	GlobalSection(SolutionConfigurationPlatforms) = preSolution
		Debug|Any CPU = Debug|Any CPU
		Release|Any CPU = Release|Any CPU
	EndGlobalSection
	GlobalSection(ProjectConfigurationPlatforms) = postSolution
		{732EB090-8448-41CC-9C03-BA6700A5C6DA}.Debug|Any CPU.ActiveCfg = Debug|Any CPU
		{732EB090-8448-41CC-9C03-BA6700A5C6DA}.Debug|Any CPU.Build.0 = Debug|Any CPU
		{732EB090-8448-41CC-9C03-BA6700A5C6DA}.Release|Any CPU.ActiveCfg = Release|Any CPU
		{732EB090-8448-41CC-9C03-BA6700A5C6DA}.Release|Any CPU.Build.0 = Release|Any CPU
	EndGlobalSection
	GlobalSection(SolutionProperties) = preSolution
		HideSolutionNode = FALSE
	EndGlobalSection
	GlobalSection(ExtensibilityGlobals) = postSolution
		SolutionGuid = {F1926DC1-004B-426A-8794-830CFCF4F34F}
	EndGlobalSection
EndGlobal
